
Microsoft Visual Studio Solution File, Format Version 12.00
# Visual Studio Version 16
VisualStudioVersion = 16.0.31515.178
MinimumVisualStudioVersion = 10.0.40219.1
Project("{FAE04EC0-301F-11D3-BF4B-00C04F79EFBC}") = "AkaryakitOtomasyonProjesi", "AkaryakıtOtomasyonProjesi\AkaryakitOtomasyonProjesi.csproj", "{EC0A44E3-0477-4ACC-9F06-B2C5F8E1E103}"
EndProject
Global
	GlobalSection(SolutionConfigurationPlatforms) = preSolution
		Debug|Any CPU = Debug|Any CPU
		Release|Any CPU = Release|Any CPU
	EndGlobalSection
	GlobalSection(ProjectConfigurationPlatforms) = postSolution
		{EC0A44E3-0477-4ACC-9F06-B2C5F8E1E103}.Debug|Any CPU.ActiveCfg = Debug|Any CPU
		{EC0A44E3-0477-4ACC-9F06-B2C5F8E1E103}.Debug|Any CPU.Build.0 = Debug|Any CPU
		{EC0A44E3-0477-4ACC-9F06-B2C5F8E1E103}.Release|Any CPU.ActiveCfg = Release|Any CPU
		{EC0A44E3-0477-4ACC-9F06-B2C5F8E1E103}.Release|Any CPU.Build.0 = Release|Any CPU
	EndGlobalSection
	GlobalSection(SolutionProperties) = preSolution
		HideSolutionNode = FALSE
	EndGlobalSection
	GlobalSection(ExtensibilityGlobals) = postSolution
		SolutionGuid = {3E25943D-DFD7-416E-A14E-34BA6BB05FE1}
	EndGlobalSection
EndGlobal
